{
  "nodes": {
    "fenix": {
      "inputs": {
        "nixpkgs": [
          "nixpkgs"
        ],
        "rust-analyzer-src": "rust-analyzer-src"
      },
      "locked": {
        "lastModified": 1688484237,
        "narHash": "sha256-qFUn2taHGe203wm7Oio4UGFz1sAiq+kitRexY3sQ1CA=",
        "owner": "nix-community",
        "repo": "fenix",
        "rev": "626a9e0a84010728b335f14d3982e11b99af7dc6",
        "type": "github"
      },
      "original": {
        "owner": "nix-community",
        "ref": "monthly",
        "repo": "fenix",
        "type": "github"
      }
    },
    "flake-utils": {
      "inputs": {
        "systems": "systems"
      },
      "locked": {
        "lastModified": 1689068808,
        "narHash": "sha256-6ixXo3wt24N/melDWjq70UuHQLxGV8jZvooRanIHXw0=",
        "owner": "numtide",
        "repo": "flake-utils",
        "rev": "919d646de7be200f3bf08cb76ae1f09402b6f9b4",
        "type": "github"
      },
      "original": {
        "owner": "numtide",
        "repo": "flake-utils",
        "type": "github"
      }
    },
    "nixpkgs": {
      "locked": {
        "lastModified": 1690640159,
        "narHash": "sha256-5DZUYnkeMOsVb/eqPYb9zns5YsnQXRJRC8Xx/nPMcno=",
        "owner": "NixOS",
        "repo": "nixpkgs",
        "rev": "e6ab46982debeab9831236869539a507f670a129",
        "type": "github"
      },
      "original": {
        "id": "nixpkgs",
        "ref": "nixos-unstable",
        "type": "indirect"
      }
    },
    "root": {
      "inputs": {
        "fenix": "fenix",
        "flake-utils": "flake-utils",
        "nixpkgs": "nixpkgs"
      }
    },
    "rust-analyzer-src": {
      "flake": false,
      "locked": {
        "lastModified": 1688410727,
        "narHash": "sha256-TqKZO9D64UDBCMY2sUP2ebAKP0oY7S9enrHfZaDiqBQ=",
        "owner": "rust-lang",
        "repo": "rust-analyzer",
        "rev": "45272efec5fcb8bc46e303d6ced8bd2ba095a667",
        "type": "github"
      },
      "original": {
        "owner": "rust-lang",
        "ref": "nightly",
        "repo": "rust-analyzer",
        "type": "github"
      }
    },
    "systems": {
      "locked": {
        "lastModified": 1681028828,
        "narHash": "sha256-Vy1rq5AaRuLzOxct8nz4T6wlgyUR7zLU309k9mBC768=",
        "owner": "nix-systems",
        "repo": "default",
        "rev": "da67096a3b9bf56a91d16901293e51ba5b49a27e",
        "type": "github"
      },
      "original": {
        "owner": "nix-systems",
        "repo": "default",
        "type": "github"
      }
    }
  },
  "root": "root",
  "version": 7
}
